
Microsoft Visual Studio Solution File, Format Version 12.00
# Visual Studio Version 17
VisualStudioVersion = 17.0.31903.59
MinimumVisualStudioVersion = 10.0.40219.1
Project("{2150E333-8FDC-42A3-9474-1A3956D46DE8}") = "Services", "Services", "{EC49F4A7-F27A-4442-8E67-8817B962D4AC}"
EndProject
Project("{9A19103F-16F7-4668-BE54-9A1E7A4F7556}") = "Annonce.Services", "Annonce.Services\Annonce.Services.csproj", "{0F2D7C25-02E2-4CFF-ADDB-609FEFEE6796}"
EndProject
Project("{9A19103F-16F7-4668-BE54-9A1E7A4F7556}") = "User.Services", "User.Services\User.Services.csproj", "{A3FF78D3-F218-4D6E-A20D-05D33381C223}"
EndProject
Global
	GlobalSection(SolutionConfigurationPlatforms) = preSolution
		Debug|Any CPU = Debug|Any CPU
		Release|Any CPU = Release|Any CPU
	EndGlobalSection
	GlobalSection(ProjectConfigurationPlatforms) = postSolution
		{0F2D7C25-02E2-4CFF-ADDB-609FEFEE6796}.Debug|Any CPU.ActiveCfg = Debug|Any CPU
		{0F2D7C25-02E2-4CFF-ADDB-609FEFEE6796}.Debug|Any CPU.Build.0 = Debug|Any CPU
		{0F2D7C25-02E2-4CFF-ADDB-609FEFEE6796}.Release|Any CPU.ActiveCfg = Release|Any CPU
		{0F2D7C25-02E2-4CFF-ADDB-609FEFEE6796}.Release|Any CPU.Build.0 = Release|Any CPU
		{A3FF78D3-F218-4D6E-A20D-05D33381C223}.Debug|Any CPU.ActiveCfg = Debug|Any CPU
		{A3FF78D3-F218-4D6E-A20D-05D33381C223}.Debug|Any CPU.Build.0 = Debug|Any CPU
		{A3FF78D3-F218-4D6E-A20D-05D33381C223}.Release|Any CPU.ActiveCfg = Release|Any CPU
		{A3FF78D3-F218-4D6E-A20D-05D33381C223}.Release|Any CPU.Build.0 = Release|Any CPU
	EndGlobalSection
	GlobalSection(SolutionProperties) = preSolution
		HideSolutionNode = FALSE
	EndGlobalSection
	GlobalSection(NestedProjects) = preSolution
		{0F2D7C25-02E2-4CFF-ADDB-609FEFEE6796} = {EC49F4A7-F27A-4442-8E67-8817B962D4AC}
		{A3FF78D3-F218-4D6E-A20D-05D33381C223} = {EC49F4A7-F27A-4442-8E67-8817B962D4AC}
	EndGlobalSection
	GlobalSection(ExtensibilityGlobals) = postSolution
		SolutionGuid = {F8D1514A-1D42-417E-AD29-3434B0F47706}
	EndGlobalSection
EndGlobal
